
Microsoft Visual Studio Solution File, Format Version 12.00
# Visual Studio 15
VisualStudioVersion = 15.0.26730.12
MinimumVisualStudioVersion = 10.0.40219.1
Project("{FAE04EC0-301F-11D3-BF4B-00C04F79EFBC}") = "MergeSortLogic", "..\source\repos\Solution1\MergeSortLogic\MergeSortLogic.csproj", "{D8D67328-2A7F-437F-B36A-DB12C558F7CA}"
EndProject
Project("{FAE04EC0-301F-11D3-BF4B-00C04F79EFBC}") = "QuickSortLogic", "..\source\repos\Solution1\QuickSortLogic\QuickSortLogic.csproj", "{F3E8CB4B-B910-4AE3-A833-3C55B69DCED2}"
EndProject
Project("{FAE04EC0-301F-11D3-BF4B-00C04F79EFBC}") = "SortsTests", "SortsTests\SortsTests.csproj", "{61620C67-ECC4-4707-8C9E-2CAE84465F8B}"
EndProject
Global
	GlobalSection(SolutionConfigurationPlatforms) = preSolution
		Debug|Any CPU = Debug|Any CPU
		Release|Any CPU = Release|Any CPU
	EndGlobalSection
	GlobalSection(ProjectConfigurationPlatforms) = postSolution
		{D8D67328-2A7F-437F-B36A-DB12C558F7CA}.Debug|Any CPU.ActiveCfg = Debug|Any CPU
		{D8D67328-2A7F-437F-B36A-DB12C558F7CA}.Debug|Any CPU.Build.0 = Debug|Any CPU
		{D8D67328-2A7F-437F-B36A-DB12C558F7CA}.Release|Any CPU.ActiveCfg = Release|Any CPU
		{D8D67328-2A7F-437F-B36A-DB12C558F7CA}.Release|Any CPU.Build.0 = Release|Any CPU
		{F3E8CB4B-B910-4AE3-A833-3C55B69DCED2}.Debug|Any CPU.ActiveCfg = Debug|Any CPU
		{F3E8CB4B-B910-4AE3-A833-3C55B69DCED2}.Debug|Any CPU.Build.0 = Debug|Any CPU
		{F3E8CB4B-B910-4AE3-A833-3C55B69DCED2}.Release|Any CPU.ActiveCfg = Release|Any CPU
		{F3E8CB4B-B910-4AE3-A833-3C55B69DCED2}.Release|Any CPU.Build.0 = Release|Any CPU
		{61620C67-ECC4-4707-8C9E-2CAE84465F8B}.Debug|Any CPU.ActiveCfg = Debug|Any CPU
		{61620C67-ECC4-4707-8C9E-2CAE84465F8B}.Debug|Any CPU.Build.0 = Debug|Any CPU
		{61620C67-ECC4-4707-8C9E-2CAE84465F8B}.Release|Any CPU.ActiveCfg = Release|Any CPU
		{61620C67-ECC4-4707-8C9E-2CAE84465F8B}.Release|Any CPU.Build.0 = Release|Any CPU
	EndGlobalSection
	GlobalSection(SolutionProperties) = preSolution
		HideSolutionNode = FALSE
	EndGlobalSection
	GlobalSection(ExtensibilityGlobals) = postSolution
		SolutionGuid = {A06AC5B6-97D7-40CC-A023-21405027FB01}
	EndGlobalSection
EndGlobal
